
Microsoft Visual Studio Solution File, Format Version 11.00
# Visual Studio 2010
# Ranorex Studio 8.1
Project("{2150E333-8FDC-42A3-9474-1A3956D46DE8}") = "Solution Items", "Solution Items", "{C682C02C-D852-4C2C-AA6C-812530E4DA71}"
	ProjectSection(SolutionItems) = postProject
		Ranorex = .\Ranorex.rxsettings
	EndProjectSection
EndProject
Project("{FAE04EC0-301F-11D3-BF4B-00C04F79EFBC}") = "Hello", "Hello\Hello.csproj", "{D5CA8CB9-48E6-4C4D-84FD-2C45A13FC56A}"
EndProject
Project("{FAE04EC0-301F-11D3-BF4B-00C04F79EFBC}") = "UploadFile", "UploadFile\UploadFile.csproj", "{F481DF27-F57F-43FC-9D97-19A09458878E}"
EndProject
Global
	GlobalSection(SolutionConfigurationPlatforms) = preSolution
		Debug|x86 = Debug|x86
		Release|x86 = Release|x86
	EndGlobalSection
	GlobalSection(ProjectConfigurationPlatforms) = postSolution
		{D5CA8CB9-48E6-4C4D-84FD-2C45A13FC56A}.Debug|x86.Build.0 = Debug|x86
		{D5CA8CB9-48E6-4C4D-84FD-2C45A13FC56A}.Debug|x86.ActiveCfg = Debug|x86
		{D5CA8CB9-48E6-4C4D-84FD-2C45A13FC56A}.Release|x86.Build.0 = Release|x86
		{D5CA8CB9-48E6-4C4D-84FD-2C45A13FC56A}.Release|x86.ActiveCfg = Release|x86
		{F481DF27-F57F-43FC-9D97-19A09458878E}.Debug|x86.Build.0 = Debug|x86
		{F481DF27-F57F-43FC-9D97-19A09458878E}.Debug|x86.ActiveCfg = Debug|x86
		{F481DF27-F57F-43FC-9D97-19A09458878E}.Release|x86.Build.0 = Release|x86
		{F481DF27-F57F-43FC-9D97-19A09458878E}.Release|x86.ActiveCfg = Release|x86
	EndGlobalSection
EndGlobal
